// !$*UTF8*$!
{
	archiveVersion = 1;
	classes = {
	};
	objectVersion = 46;
	objects = {

/* Begin PBXBuildFile section */
		FC62136E1E0707AB00665216 /* AppDelegate.swift in Sources */ = {isa = PBXBuildFile; fileRef = FC62136D1E0707AB00665216 /* AppDelegate.swift */; };
		FC6213701E0707AC00665216 /* ViewController.swift in Sources */ = {isa = PBXBuildFile; fileRef = FC62136F1E0707AC00665216 /* ViewController.swift */; };
		FC6213731E0707AC00665216 /* Main.storyboard in Resources */ = {isa = PBXBuildFile; fileRef = FC6213711E0707AC00665216 /* Main.storyboard */; };
		FC6213751E0707AC00665216 /* Assets.xcassets in Resources */ = {isa = PBXBuildFile; fileRef = FC6213741E0707AC00665216 /* Assets.xcassets */; };
		FC6213781E0707AC00665216 /* LaunchScreen.storyboard in Resources */ = {isa = PBXBuildFile; fileRef = FC6213761E0707AC00665216 /* LaunchScreen.storyboard */; };
/* End PBXBuildFile section */

/* Begin PBXFileReference section */
		FC62136A1E0707AB00665216 /* Weather Logo App.app */ = {isa = PBXFileReference; explicitFileType = wrapper.application; includeInIndex = 0; path = "Weather Logo App.app"; sourceTree = BUILT_PRODUCTS_DIR; };
		FC62136D1E0707AB00665216 /* AppDelegate.swift */ = {isa = PBXFileReference; lastKnownFileType = sourcecode.swift; path = AppDelegate.swift; sourceTree = "<group>"; };
		FC62136F1E0707AC00665216 /* ViewController.swift */ = {isa = PBXFileReference; lastKnownFileType = sourcecode.swift; path = ViewController.swift; sourceTree = "<group>"; };
		FC6213721E0707AC00665216 /* Base */ = {isa = PBXFileReference; lastKnownFileType = file.storyboard; name = Base; path = Base.lproj/Main.storyboard; sourceTree = "<group>"; };
		FC6213741E0707AC00665216 /* Assets.xcassets */ = {isa = PBXFileReference; lastKnownFileType = folder.assetcatalog; path = Assets.xcassets; sourceTree = "<group>"; };
		FC6213771E0707AC00665216 /* Base */ = {isa = PBXFileReference; lastKnownFileType = file.storyboard; name = Base; path = Base.lproj/LaunchScreen.storyboard; sourceTree = "<group>"; };
		FC6213791E0707AC00665216 /* Info.plist */ = {isa = PBXFileReference; lastKnownFileType = text.plist.xml; path = Info.plist; sourceTree = "<group>"; };
/* End PBXFileReference section */

/* Begin PBXFrameworksBuildPhase section */
		FC6213671E0707AB00665216 /* Frameworks */ = {
			isa = PBXFrameworksBuildPhase;
			buildActionMask = 2147483647;
			files = (
			);
			runOnlyForDeploymentPostprocessing = 0;
		};
/* End PBXFrameworksBuildPhase section */

/* Begin PBXGroup section */
		FC6213611E0707AB00665216 = {
			isa = PBXGroup;
			children = (
				FC62136C1E0707AB00665216 /* Weather Logo App */,
				FC62136B1E0707AB00665216 /* Products */,
			);
			sourceTree = "<group>";
		};
		FC62136B1E0707AB00665216 /* Products */ = {
			isa = PBXGroup;
			children = (
				FC62136A1E0707AB00665216 /* Weather Logo App.app */,
			);
			name = Products;
			sourceTree = "<group>";
		};
		FC62136C1E0707AB00665216 /* Weather Logo App */ = {
			isa = PBXGroup;
			children = (
				FC62136D1E0707AB00665216 /* AppDelegate.swift */,
				FC62136F1E0707AC00665216 /* ViewController.swift */,
				FC6213711E0707AC00665216 /* Main.storyboard */,
				FC6213741E0707AC00665216 /* Assets.xcassets */,
				FC6213761E0707AC00665216 /* LaunchScreen.storyboard */,
				FC6213791E0707AC00665216 /* Info.plist */,
			);
			path = "Weather Logo App";
			sourceTree = "<group>";
		};
/* End PBXGroup section */

/* Begin PBXNativeTarget section */
		FC6213691E0707AB00665216 /* Weather Logo App */ = {
			isa = PBXNativeTarget;
			buildConfigurationList = FC62137C1E0707AC00665216 /* Build configuration list for PBXNativeTarget "Weather Logo App" */;
			buildPhases = (
				FC6213661E0707AB00665216 /* Sources */,
				FC6213671E0707AB00665216 /* Frameworks */,
				FC6213681E0707AB00665216 /* Resources */,
			);
			buildRules = (
			);
			dependencies = (
			);
			name = "Weather Logo App";
			productName = "Weather Logo App";
			productReference = FC62136A1E0707AB00665216 /* Weather Logo App.app */;
			productType = "com.apple.product-type.application";
		};
/* End PBXNativeTarget section */

/* Begin PBXProject section */
		FC6213621E0707AB00665216 /* Project object */ = {
			isa = PBXProject;
			attributes = {
				LastSwiftUpdateCheck = 0810;
				LastUpgradeCheck = 0810;
				ORGANIZATIONNAME = "Atıl Samancıoğlu";
				TargetAttributes = {
					FC6213691E0707AB00665216 = {
						CreatedOnToolsVersion = 8.1;
						DevelopmentTeam = 7CZ8CAJJXF;
						ProvisioningStyle = Automatic;
					};
				};
			};
			buildConfigurationList = FC6213651E0707AB00665216 /* Build configuration list for PBXProject "Weather Logo App" */;
			compatibilityVersion = "Xcode 3.2";
			developmentRegion = English;
			hasScannedForEncodings = 0;
			knownRegions = (
				en,
				Base,
			);
			mainGroup = FC6213611E0707AB00665216;
			productRefGroup = FC62136B1E0707AB00665216 /* Products */;
			projectDirPath = "";
			projectRoot = "";
			targets = (
				FC6213691E0707AB00665216 /* Weather Logo App */,
			);
		};
/* End PBXProject section */

/* Begin PBXResourcesBuildPhase section */
		FC6213681E0707AB00665216 /* Resources */ = {
			isa = PBXResourcesBuildPhase;
			buildActionMask = 2147483647;
			files = (
				FC6213781E0707AC00665216 /* LaunchScreen.storyboard in Resources */,
				FC6213751E0707AC00665216 /* Assets.xcassets in Resources */,
				FC6213731E0707AC00665216 /* Main.storyboard in Resources */,
			);
			runOnlyForDeploymentPostprocessing = 0;
		};
/* End PBXResourcesBuildPhase section */

/* Begin PBXSourcesBuildPhase section */
		FC6213661E0707AB00665216 /* Sources */ = {
			isa = PBXSourcesBuildPhase;
			buildActionMask = 2147483647;
			files = (
				FC6213701E0707AC00665216 /* ViewController.swift in Sources */,
				FC62136E1E0707AB00665216 /* AppDelegate.swift in Sources */,
			);
			runOnlyForDeploymentPostprocessing = 0;
		};
/* End PBXSourcesBuildPhase section */

/* Begin PBXVariantGroup section */
		FC6213711E0707AC00665216 /* Main.storyboard */ = {
			isa = PBXVariantGroup;
			children = (
				FC6213721E0707AC00665216 /* Base */,
			);
			name = Main.storyboard;
			sourceTree = "<group>";
		};
		FC6213761E0707AC00665216 /* LaunchScreen.storyboard */ = {
			isa = PBXVariantGroup;
			children = (
				FC6213771E0707AC00665216 /* Base */,
			);
			name = LaunchScreen.storyboard;
			sourceTree = "<group>";
		};
/* End PBXVariantGroup section */

/* Begin XCBuildConfiguration section */
		FC62137A1E0707AC00665216 /* Debug */ = {
			isa = XCBuildConfiguration;
			buildSettings = {
				ALWAYS_SEARCH_USER_PATHS = NO;
				CLANG_ANALYZER_NONNULL = YES;
				CLANG_CXX_LANGUAGE_STANDARD = "gnu++0x";
				CLANG_CXX_LIBRARY = "libc++";
				CLANG_ENABLE_MODULES = YES;
				CLANG_ENABLE_OBJC_ARC = YES;
				CLANG_WARN_BOOL_CONVERSION = YES;
				CLANG_WARN_CONSTANT_CONVERSION = YES;
				CLANG_WARN_DIRECT_OBJC_ISA_USAGE = YES_ERROR;
				CLANG_WARN_DOCUMENTATION_COMMENTS = YES;
				CLANG_WARN_EMPTY_BODY = YES;
				CLANG_WARN_ENUM_CONVERSION = YES;
				CLANG_WARN_INFINITE_RECURSION = YES;
				CLANG_WARN_INT_CONVERSION = YES;
				CLANG_WARN_OBJC_ROOT_CLASS = YES_ERROR;
				CLANG_WARN_SUSPICIOUS_MOVES = YES;
				CLANG_WARN_UNREACHABLE_CODE = YES;
				CLANG_WARN__DUPLICATE_METHOD_MATCH = YES;
				"CODE_SIGN_IDENTITY[sdk=iphoneos*]" = "iPhone Developer";
				COPY_PHASE_STRIP = NO;
				DEBUG_INFORMATION_FORMAT = dwarf;
				ENABLE_STRICT_OBJC_MSGSEND = YES;
				ENABLE_TESTABILITY = YES;
				GCC_C_LANGUAGE_STANDARD = gnu99;
				GCC_DYNAMIC_NO_PIC = NO;
				GCC_NO_COMMON_BLOCKS = YES;
				GCC_OPTIMIZATION_LEVEL = 0;
				GCC_PREPROCESSOR_DEFINITIONS = (
					"DEBUG=1",
					"$(inherited)",
				);
				GCC_WARN_64_TO_32_BIT_CONVERSION = YES;
				GCC_WARN_ABOUT_RETURN_TYPE = YES_ERROR;
				GCC_WARN_UNDECLARED_SELECTOR = YES;
				GCC_WARN_UNINITIALIZED_AUTOS = YES_AGGRESSIVE;
				GCC_WARN_UNUSED_FUNCTION = YES;
				GCC_WARN_UNUSED_VARIABLE = YES;
				IPHONEOS_DEPLOYMENT_TARGET = 10.1;
				MTL_ENABLE_DEBUG_INFO = YES;
				ONLY_ACTIVE_ARCH = YES;
				SDKROOT = iphoneos;
				SWIFT_ACTIVE_COMPILATION_CONDITIONS = DEBUG;
				SWIFT_OPTIMIZATION_LEVEL = "-Onone";
				TARGETED_DEVICE_FAMILY = "1,2";
			};
			name = Debug;
		};
		FC62137B1E0707AC00665216 /* Release */ = {
			isa = XCBuildConfiguration;
			buildSettings = {
				ALWAYS_SEARCH_USER_PATHS = NO;
				CLANG_ANALYZER_NONNULL = YES;
				CLANG_CXX_LANGUAGE_STANDARD = "gnu++0x";
				CLANG_CXX_LIBRARY = "libc++";
				CLANG_ENABLE_MODULES = YES;
				CLANG_ENABLE_OBJC_ARC = YES;
				CLANG_WARN_BOOL_CONVERSION = YES;
				CLANG_WARN_CONSTANT_CONVERSION = YES;
				CLANG_WARN_DIRECT_OBJC_ISA_USAGE = YES_ERROR;
				CLANG_WARN_DOCUMENTATION_COMMENTS = YES;
				CLANG_WARN_EMPTY_BODY = YES;
				CLANG_WARN_ENUM_CONVERSION = YES;
				CLANG_WARN_INFINITE_RECURSION = YES;
				CLANG_WARN_INT_CONVERSION = YES;
				CLANG_WARN_OBJC_ROOT_CLASS = YES_ERROR;
				CLANG_WARN_SUSPICIOUS_MOVES = YES;
				CLANG_WARN_UNREACHABLE_CODE = YES;
				CLANG_WARN__DUPLICATE_METHOD_MATCH = YES;
				"CODE_SIGN_IDENTITY[sdk=iphoneos*]" = "iPhone Developer";
				COPY_PHASE_STRIP = NO;
				DEBUG_INFORMATION_FORMAT = "dwarf-with-dsym";
				ENABLE_NS_ASSERTIONS = NO;
				ENABLE_STRICT_OBJC_MSGSEND = YES;
				GCC_C_LANGUAGE_STANDARD = gnu99;
				GCC_NO_COMMON_BLOCKS = YES;
				GCC_WARN_64_TO_32_BIT_CONVERSION = YES;
				GCC_WARN_ABOUT_RETURN_TYPE = YES_ERROR;
				GCC_WARN_UNDECLARED_SELECTOR = YES;
				GCC_WARN_UNINITIALIZED_AUTOS = YES_AGGRESSIVE;
				GCC_WARN_UNUSED_FUNCTION = YES;
				GCC_WARN_UNUSED_VARIABLE = YES;
				IPHONEOS_DEPLOYMENT_TARGET = 10.1;
				MTL_ENABLE_DEBUG_INFO = NO;
				SDKROOT = iphoneos;
				SWIFT_OPTIMIZATION_LEVEL = "-Owholemodule";
				TARGETED_DEVICE_FAMILY = "1,2";
				VALIDATE_PRODUCT = YES;
			};
			name = Release;
		};
		FC62137D1E0707AC00665216 /* Debug */ = {
			isa = XCBuildConfiguration;
			buildSettings = {
				ASSETCATALOG_COMPILER_APPICON_NAME = AppIcon;
				DEVELOPMENT_TEAM = 7CZ8CAJJXF;
				INFOPLIST_FILE = "Weather Logo App/Info.plist";
				LD_RUNPATH_SEARCH_PATHS = "$(inherited) @executable_path/Frameworks";
				PRODUCT_BUNDLE_IDENTIFIER = "com.atilsamancioglu.Weather-Logo-App";
				PRODUCT_NAME = "$(TARGET_NAME)";
				SWIFT_VERSION = 3.0;
			};
			name = Debug;
		};
		FC62137E1E0707AC00665216 /* Release */ = {
			isa = XCBuildConfiguration;
			buildSettings = {
				ASSETCATALOG_COMPILER_APPICON_NAME = AppIcon;
				DEVELOPMENT_TEAM = 7CZ8CAJJXF;
				INFOPLIST_FILE = "Weather Logo App/Info.plist";
				LD_RUNPATH_SEARCH_PATHS = "$(inherited) @executable_path/Frameworks";
				PRODUCT_BUNDLE_IDENTIFIER = "com.atilsamancioglu.Weather-Logo-App";
				PRODUCT_NAME = "$(TARGET_NAME)";
				SWIFT_VERSION = 3.0;
			};
			name = Release;
		};
/* End XCBuildConfiguration section */

/* Begin XCConfigurationList section */
		FC6213651E0707AB00665216 /* Build configuration list for PBXProject "Weather Logo App" */ = {
			isa = XCConfigurationList;
			buildConfigurations = (
				FC62137A1E0707AC00665216 /* Debug */,
				FC62137B1E0707AC00665216 /* Release */,
			);
			defaultConfigurationIsVisible = 0;
			defaultConfigurationName = Release;
		};
		FC62137C1E0707AC00665216 /* Build configuration list for PBXNativeTarget "Weather Logo App" */ = {
			isa = XCConfigurationList;
			buildConfigurations = (
				FC62137D1E0707AC00665216 /* Debug */,
				FC62137E1E0707AC00665216 /* Release */,
			);
			defaultConfigurationIsVisible = 0;
		};
/* End XCConfigurationList section */
	};
	rootObject = FC6213621E0707AB00665216 /* Project object */;
}
